
Microsoft Visual Studio Solution File, Format Version 12.00
# Visual Studio 15
VisualStudioVersion = 15.0.26730.15
MinimumVisualStudioVersion = 10.0.40219.1
Project("{8BC9CEB8-8B4A-11D0-8D11-00A0C91BC942}") = "hummingbird", "hummingbird\hummingbird.vcxproj", "{D1EC0DEE-1EBF-49FD-B6B1-B9DB02C60EB3}"
EndProject
Project("{2150E333-8FDC-42A3-9474-1A3956D46DE8}") = "Solution Items", "Solution Items", "{AF6C6DCC-3790-4CA0-9E01-792AD1BA3246}"
	ProjectSection(SolutionItems) = preProject
		CommonSettings.props = CommonSettings.props
	EndProjectSection
EndProject
Project("{8BC9CEB8-8B4A-11D0-8D11-00A0C91BC942}") = "testHummingbird", "testHummingbird\testHummingbird.vcxproj", "{A52753F4-AB19-47A1-9C78-F33D96081789}"
	ProjectSection(ProjectDependencies) = postProject
		{D1EC0DEE-1EBF-49FD-B6B1-B9DB02C60EB3} = {D1EC0DEE-1EBF-49FD-B6B1-B9DB02C60EB3}
	EndProjectSection
EndProject
Global
	GlobalSection(SolutionConfigurationPlatforms) = preSolution
		Debug|x64 = Debug|x64
		Debug|x86 = Debug|x86
		Release|x64 = Release|x64
		Release|x86 = Release|x86
	EndGlobalSection
	GlobalSection(ProjectConfigurationPlatforms) = postSolution
		{D1EC0DEE-1EBF-49FD-B6B1-B9DB02C60EB3}.Debug|x64.ActiveCfg = Debug|x64
		{D1EC0DEE-1EBF-49FD-B6B1-B9DB02C60EB3}.Debug|x64.Build.0 = Debug|x64
		{D1EC0DEE-1EBF-49FD-B6B1-B9DB02C60EB3}.Debug|x86.ActiveCfg = Debug|Win32
		{D1EC0DEE-1EBF-49FD-B6B1-B9DB02C60EB3}.Debug|x86.Build.0 = Debug|Win32
		{D1EC0DEE-1EBF-49FD-B6B1-B9DB02C60EB3}.Release|x64.ActiveCfg = Release|x64
		{D1EC0DEE-1EBF-49FD-B6B1-B9DB02C60EB3}.Release|x64.Build.0 = Release|x64
		{D1EC0DEE-1EBF-49FD-B6B1-B9DB02C60EB3}.Release|x86.ActiveCfg = Release|Win32
		{D1EC0DEE-1EBF-49FD-B6B1-B9DB02C60EB3}.Release|x86.Build.0 = Release|Win32
		{A52753F4-AB19-47A1-9C78-F33D96081789}.Debug|x64.ActiveCfg = Debug|x64
		{A52753F4-AB19-47A1-9C78-F33D96081789}.Debug|x64.Build.0 = Debug|x64
		{A52753F4-AB19-47A1-9C78-F33D96081789}.Debug|x86.ActiveCfg = Debug|Win32
		{A52753F4-AB19-47A1-9C78-F33D96081789}.Debug|x86.Build.0 = Debug|Win32
		{A52753F4-AB19-47A1-9C78-F33D96081789}.Release|x64.ActiveCfg = Release|x64
		{A52753F4-AB19-47A1-9C78-F33D96081789}.Release|x64.Build.0 = Release|x64
		{A52753F4-AB19-47A1-9C78-F33D96081789}.Release|x86.ActiveCfg = Release|Win32
		{A52753F4-AB19-47A1-9C78-F33D96081789}.Release|x86.Build.0 = Release|Win32
	EndGlobalSection
	GlobalSection(SolutionProperties) = preSolution
		HideSolutionNode = FALSE
	EndGlobalSection
	GlobalSection(ExtensibilityGlobals) = postSolution
		SolutionGuid = {6692C0D6-C1E7-4F35-B13E-8A9B834B5065}
	EndGlobalSection
EndGlobal
